
Microsoft Visual Studio Solution File, Format Version 12.00
# Visual Studio Version 17
VisualStudioVersion = 17.13.35931.197 d17.13
MinimumVisualStudioVersion = 10.0.40219.1
Project("{FAE04EC0-301F-11D3-BF4B-00C04F79EFBC}") = "WebApi", "WebApi\WebApi.csproj", "{4201F7A3-6208-4645-8322-39679F91833C}"
EndProject
Global
	GlobalSection(SolutionConfigurationPlatforms) = preSolution
		Debug|Any CPU = Debug|Any CPU
		Release|Any CPU = Release|Any CPU
	EndGlobalSection
	GlobalSection(ProjectConfigurationPlatforms) = postSolution
		{4201F7A3-6208-4645-8322-39679F91833C}.Debug|Any CPU.ActiveCfg = Debug|Any CPU
		{4201F7A3-6208-4645-8322-39679F91833C}.Debug|Any CPU.Build.0 = Debug|Any CPU
		{4201F7A3-6208-4645-8322-39679F91833C}.Release|Any CPU.ActiveCfg = Release|Any CPU
		{4201F7A3-6208-4645-8322-39679F91833C}.Release|Any CPU.Build.0 = Release|Any CPU
	EndGlobalSection
	GlobalSection(SolutionProperties) = preSolution
		HideSolutionNode = FALSE
	EndGlobalSection
	GlobalSection(ExtensibilityGlobals) = postSolution
		SolutionGuid = {1F29D52A-783E-40BA-BB4F-08781FA5D0A8}
	EndGlobalSection
EndGlobal
